# This file is automatically @generated by Cargo.
# It is not intended for manual editing.
version = 4

[[package]]
name = "oxml"
version = "0.0.5"
source = "registry+https://github.com/rust-lang/crates.io-index"
checksum = "706162df095684642355c78c3e0b35aceac17dd5e78ea400e48cd05a50583dcf"

[[package]]
name = "oxml-mcp"
version = "0.0.5"
dependencies = [
 "oxml",
 "xmlschema",
]

[[package]]
name = "xmlschema"
version = "0.0.5"
source = "registry+https://github.com/rust-lang/crates.io-index"
checksum = "443e466dac05bf12ac2325419d4a820fe9fd2296c5b28764829a35f46f553d08"
dependencies = [
 "oxml",
]
