# This file is automatically @generated by Cargo.
# It is not intended for manual editing.
version = 4

[[package]]
name = "oxml"
version = "0.0.3"
source = "registry+https://github.com/rust-lang/crates.io-index"
checksum = "65e194ab3f2b8896f5925e2f2770db4fd40a0bfc701d7fc9baa04cd72c3cf795"

[[package]]
name = "oxml-mcp"
version = "0.0.3"
dependencies = [
 "oxml",
 "xmlschema",
]

[[package]]
name = "xmlschema"
version = "0.0.3"
source = "registry+https://github.com/rust-lang/crates.io-index"
checksum = "31e3e916376d538564344240308e104360c1f489eb54ff41619b61417f6f16d3"
dependencies = [
 "oxml",
]
