# This file is automatically @generated by Cargo.
# It is not intended for manual editing.
version = 4

[[package]]
name = "oxml"
version = "0.0.7"
source = "registry+https://github.com/rust-lang/crates.io-index"
checksum = "28cdbbf867cae17da53b64d7c96ea9c0454928d17e03aa5e82bc4e96bcac1e5e"

[[package]]
name = "oxml-mcp"
version = "0.0.7"
dependencies = [
 "oxml",
 "xmlschema",
]

[[package]]
name = "xmlschema"
version = "0.0.7"
source = "registry+https://github.com/rust-lang/crates.io-index"
checksum = "359704387575b7af759dcfce174fff5e6967bd7ebc8350251ebab52e40df1c32"
dependencies = [
 "oxml",
]
